<Solution>
  <Configurations>
    <Platform Name="x64" />
    <Platform Name="x86" />
  </Configurations>
  <Project Path="Audio Engine/Audio Engine.vcxproj" Id="f0df1898-d7d5-4a40-abab-4af880d19602" />
  <Project Path="Demo Application/Demo Application.vcxproj" Id="0a0c73bc-45c4-4ab9-8f75-2d2fc4f59bb1">
    <BuildDependency Project="Audio Engine/Audio Engine.vcxproj" />
  </Project>
</Solution>
